
Microsoft Visual Studio Solution File, Format Version 12.00
# Visual Studio Version 17
VisualStudioVersion = 17.13.35931.197 d17.13
MinimumVisualStudioVersion = 10.0.40219.1
Project("{FAE04EC0-301F-11D3-BF4B-00C04F79EFBC}") = "Loans", "Loans\Loans.csproj", "{F91B95B3-214A-4766-9B3D-F907FA7B8D6D}"
EndProject
Project("{FAE04EC0-301F-11D3-BF4B-00C04F79EFBC}") = "Loans.Tests", "Loans.Tests\Loans.Tests.csproj", "{F738341B-04B9-41E8-9A8E-6744379F5BF8}"
EndProject
Global
	GlobalSection(SolutionConfigurationPlatforms) = preSolution
		Debug|Any CPU = Debug|Any CPU
		Release|Any CPU = Release|Any CPU
	EndGlobalSection
	GlobalSection(ProjectConfigurationPlatforms) = postSolution
		{F91B95B3-214A-4766-9B3D-F907FA7B8D6D}.Debug|Any CPU.ActiveCfg = Debug|Any CPU
		{F91B95B3-214A-4766-9B3D-F907FA7B8D6D}.Debug|Any CPU.Build.0 = Debug|Any CPU
		{F91B95B3-214A-4766-9B3D-F907FA7B8D6D}.Release|Any CPU.ActiveCfg = Release|Any CPU
		{F91B95B3-214A-4766-9B3D-F907FA7B8D6D}.Release|Any CPU.Build.0 = Release|Any CPU
		{F738341B-04B9-41E8-9A8E-6744379F5BF8}.Debug|Any CPU.ActiveCfg = Debug|Any CPU
		{F738341B-04B9-41E8-9A8E-6744379F5BF8}.Debug|Any CPU.Build.0 = Debug|Any CPU
		{F738341B-04B9-41E8-9A8E-6744379F5BF8}.Release|Any CPU.ActiveCfg = Release|Any CPU
		{F738341B-04B9-41E8-9A8E-6744379F5BF8}.Release|Any CPU.Build.0 = Release|Any CPU
	EndGlobalSection
	GlobalSection(SolutionProperties) = preSolution
		HideSolutionNode = FALSE
	EndGlobalSection
	GlobalSection(ExtensibilityGlobals) = postSolution
		SolutionGuid = {D7630ED3-241A-4E31-835D-8165DE7C3A4C}
	EndGlobalSection
EndGlobal
